
Microsoft Visual Studio Solution File, Format Version 12.00
# Visual Studio Version 17
VisualStudioVersion = 17.0.31903.59
MinimumVisualStudioVersion = 10.0.40219.1
Project("{FAE04EC0-301F-11D3-BF4B-00C04F79EFBC}") = "QP11.Wpf", "QP11.Wpf\QP11.Wpf.csproj", "{16AC3CDF-D572-4BE3-82FC-F3F534B0D49F}"
EndProject
Project("{FAE04EC0-301F-11D3-BF4B-00C04F79EFBC}") = "QP11.Core", "QP11.Core\QP11.Core.csproj", "{A3DAEC79-F171-4687-85AD-4C1BF2475733}"
EndProject
Project("{FAE04EC0-301F-11D3-BF4B-00C04F79EFBC}") = "QP11.Data", "QP11.Data\QP11.Data.csproj", "{A15E2971-F2AA-4986-9D9E-3B64EFF3D7FC}"
EndProject
Project("{FAE04EC0-301F-11D3-BF4B-00C04F79EFBC}") = "QP11.Services", "QP11.Services\QP11.Services.csproj", "{43814F56-EB54-4287-B635-734D2D56B6AD}"
EndProject
Project("{FAE04EC0-301F-11D3-BF4B-00C04F79EFBC}") = "QP11.WebApi", "QP11.WebApi\QP11.WebApi.csproj", "{A1B2C3D4-E5F6-7890-ABCD-EF1234567891}"
EndProject
Project("{FAE04EC0-301F-11D3-BF4B-00C04F79EFBC}") = "QP11.Tests", "QP11.Tests\QP11.Tests.csproj", "{19945995-F182-47FA-8E2B-D4407B9335E0}"
EndProject
Global
	GlobalSection(SolutionConfigurationPlatforms) = preSolution
		Debug|Any CPU = Debug|Any CPU
		Debug|x64 = Debug|x64
		Debug|x86 = Debug|x86
		Release|Any CPU = Release|Any CPU
		Release|x64 = Release|x64
		Release|x86 = Release|x86
	EndGlobalSection
	GlobalSection(ProjectConfigurationPlatforms) = postSolution
		{16AC3CDF-D572-4BE3-82FC-F3F534B0D49F}.Debug|Any CPU.ActiveCfg = Debug|Any CPU
		{16AC3CDF-D572-4BE3-82FC-F3F534B0D49F}.Debug|Any CPU.Build.0 = Debug|Any CPU
		{16AC3CDF-D572-4BE3-82FC-F3F534B0D49F}.Debug|x64.ActiveCfg = Debug|Any CPU
		{16AC3CDF-D572-4BE3-82FC-F3F534B0D49F}.Debug|x64.Build.0 = Debug|Any CPU
		{16AC3CDF-D572-4BE3-82FC-F3F534B0D49F}.Debug|x86.ActiveCfg = Debug|Any CPU
		{16AC3CDF-D572-4BE3-82FC-F3F534B0D49F}.Debug|x86.Build.0 = Debug|Any CPU
		{16AC3CDF-D572-4BE3-82FC-F3F534B0D49F}.Release|Any CPU.ActiveCfg = Release|Any CPU
		{16AC3CDF-D572-4BE3-82FC-F3F534B0D49F}.Release|Any CPU.Build.0 = Release|Any CPU
		{16AC3CDF-D572-4BE3-82FC-F3F534B0D49F}.Release|x64.ActiveCfg = Release|Any CPU
		{16AC3CDF-D572-4BE3-82FC-F3F534B0D49F}.Release|x64.Build.0 = Release|Any CPU
		{16AC3CDF-D572-4BE3-82FC-F3F534B0D49F}.Release|x86.ActiveCfg = Release|Any CPU
		{16AC3CDF-D572-4BE3-82FC-F3F534B0D49F}.Release|x86.Build.0 = Release|Any CPU
		{A3DAEC79-F171-4687-85AD-4C1BF2475733}.Debug|Any CPU.ActiveCfg = Debug|Any CPU
		{A3DAEC79-F171-4687-85AD-4C1BF2475733}.Debug|Any CPU.Build.0 = Debug|Any CPU
		{A3DAEC79-F171-4687-85AD-4C1BF2475733}.Debug|x64.ActiveCfg = Debug|Any CPU
		{A3DAEC79-F171-4687-85AD-4C1BF2475733}.Debug|x64.Build.0 = Debug|Any CPU
		{A3DAEC79-F171-4687-85AD-4C1BF2475733}.Debug|x86.ActiveCfg = Debug|Any CPU
		{A3DAEC79-F171-4687-85AD-4C1BF2475733}.Debug|x86.Build.0 = Debug|Any CPU
		{A3DAEC79-F171-4687-85AD-4C1BF2475733}.Release|Any CPU.ActiveCfg = Release|Any CPU
		{A3DAEC79-F171-4687-85AD-4C1BF2475733}.Release|Any CPU.Build.0 = Release|Any CPU
		{A3DAEC79-F171-4687-85AD-4C1BF2475733}.Release|x64.ActiveCfg = Release|Any CPU
		{A3DAEC79-F171-4687-85AD-4C1BF2475733}.Release|x64.Build.0 = Release|Any CPU
		{A3DAEC79-F171-4687-85AD-4C1BF2475733}.Release|x86.ActiveCfg = Release|Any CPU
		{A3DAEC79-F171-4687-85AD-4C1BF2475733}.Release|x86.Build.0 = Release|Any CPU
		{A15E2971-F2AA-4986-9D9E-3B64EFF3D7FC}.Debug|Any CPU.ActiveCfg = Debug|Any CPU
		{A15E2971-F2AA-4986-9D9E-3B64EFF3D7FC}.Debug|Any CPU.Build.0 = Debug|Any CPU
		{A15E2971-F2AA-4986-9D9E-3B64EFF3D7FC}.Debug|x64.ActiveCfg = Debug|Any CPU
		{A15E2971-F2AA-4986-9D9E-3B64EFF3D7FC}.Debug|x64.Build.0 = Debug|Any CPU
		{A15E2971-F2AA-4986-9D9E-3B64EFF3D7FC}.Debug|x86.ActiveCfg = Debug|Any CPU
		{A15E2971-F2AA-4986-9D9E-3B64EFF3D7FC}.Debug|x86.Build.0 = Debug|Any CPU
		{A15E2971-F2AA-4986-9D9E-3B64EFF3D7FC}.Release|Any CPU.ActiveCfg = Release|Any CPU
		{A15E2971-F2AA-4986-9D9E-3B64EFF3D7FC}.Release|Any CPU.Build.0 = Release|Any CPU
		{A15E2971-F2AA-4986-9D9E-3B64EFF3D7FC}.Release|x64.ActiveCfg = Release|Any CPU
		{A15E2971-F2AA-4986-9D9E-3B64EFF3D7FC}.Release|x64.Build.0 = Release|Any CPU
		{A15E2971-F2AA-4986-9D9E-3B64EFF3D7FC}.Release|x86.ActiveCfg = Release|Any CPU
		{A15E2971-F2AA-4986-9D9E-3B64EFF3D7FC}.Release|x86.Build.0 = Release|Any CPU
		{43814F56-EB54-4287-B635-734D2D56B6AD}.Debug|Any CPU.ActiveCfg = Debug|Any CPU
		{43814F56-EB54-4287-B635-734D2D56B6AD}.Debug|Any CPU.Build.0 = Debug|Any CPU
		{43814F56-EB54-4287-B635-734D2D56B6AD}.Debug|x64.ActiveCfg = Debug|Any CPU
		{43814F56-EB54-4287-B635-734D2D56B6AD}.Debug|x64.Build.0 = Debug|Any CPU
		{43814F56-EB54-4287-B635-734D2D56B6AD}.Debug|x86.ActiveCfg = Debug|Any CPU
		{43814F56-EB54-4287-B635-734D2D56B6AD}.Debug|x86.Build.0 = Debug|Any CPU
		{43814F56-EB54-4287-B635-734D2D56B6AD}.Release|Any CPU.ActiveCfg = Release|Any CPU
		{43814F56-EB54-4287-B635-734D2D56B6AD}.Release|Any CPU.Build.0 = Release|Any CPU
		{43814F56-EB54-4287-B635-734D2D56B6AD}.Release|x64.ActiveCfg = Release|Any CPU
		{43814F56-EB54-4287-B635-734D2D56B6AD}.Release|x64.Build.0 = Release|Any CPU
		{43814F56-EB54-4287-B635-734D2D56B6AD}.Release|x86.ActiveCfg = Release|Any CPU
		{43814F56-EB54-4287-B635-734D2D56B6AD}.Release|x86.Build.0 = Release|Any CPU
		{A1B2C3D4-E5F6-7890-ABCD-EF1234567891}.Debug|Any CPU.ActiveCfg = Debug|Any CPU
		{A1B2C3D4-E5F6-7890-ABCD-EF1234567891}.Debug|Any CPU.Build.0 = Debug|Any CPU
		{A1B2C3D4-E5F6-7890-ABCD-EF1234567891}.Debug|x64.ActiveCfg = Debug|Any CPU
		{A1B2C3D4-E5F6-7890-ABCD-EF1234567891}.Debug|x64.Build.0 = Debug|Any CPU
		{A1B2C3D4-E5F6-7890-ABCD-EF1234567891}.Debug|x86.ActiveCfg = Debug|Any CPU
		{A1B2C3D4-E5F6-7890-ABCD-EF1234567891}.Debug|x86.Build.0 = Debug|Any CPU
		{A1B2C3D4-E5F6-7890-ABCD-EF1234567891}.Release|Any CPU.ActiveCfg = Release|Any CPU
		{A1B2C3D4-E5F6-7890-ABCD-EF1234567891}.Release|Any CPU.Build.0 = Release|Any CPU
		{A1B2C3D4-E5F6-7890-ABCD-EF1234567891}.Release|x64.ActiveCfg = Release|Any CPU
		{A1B2C3D4-E5F6-7890-ABCD-EF1234567891}.Release|x64.Build.0 = Release|Any CPU
		{A1B2C3D4-E5F6-7890-ABCD-EF1234567891}.Release|x86.ActiveCfg = Release|Any CPU
		{A1B2C3D4-E5F6-7890-ABCD-EF1234567891}.Release|x86.Build.0 = Release|Any CPU
		{19945995-F182-47FA-8E2B-D4407B9335E0}.Debug|Any CPU.ActiveCfg = Debug|Any CPU
		{19945995-F182-47FA-8E2B-D4407B9335E0}.Debug|Any CPU.Build.0 = Debug|Any CPU
		{19945995-F182-47FA-8E2B-D4407B9335E0}.Debug|x64.ActiveCfg = Debug|Any CPU
		{19945995-F182-47FA-8E2B-D4407B9335E0}.Debug|x64.Build.0 = Debug|Any CPU
		{19945995-F182-47FA-8E2B-D4407B9335E0}.Debug|x86.ActiveCfg = Debug|Any CPU
		{19945995-F182-47FA-8E2B-D4407B9335E0}.Debug|x86.Build.0 = Debug|Any CPU
		{19945995-F182-47FA-8E2B-D4407B9335E0}.Release|Any CPU.ActiveCfg = Release|Any CPU
		{19945995-F182-47FA-8E2B-D4407B9335E0}.Release|Any CPU.Build.0 = Release|Any CPU
		{19945995-F182-47FA-8E2B-D4407B9335E0}.Release|x64.ActiveCfg = Release|Any CPU
		{19945995-F182-47FA-8E2B-D4407B9335E0}.Release|x64.Build.0 = Release|Any CPU
		{19945995-F182-47FA-8E2B-D4407B9335E0}.Release|x86.ActiveCfg = Release|Any CPU
		{19945995-F182-47FA-8E2B-D4407B9335E0}.Release|x86.Build.0 = Release|Any CPU
	EndGlobalSection
	GlobalSection(SolutionProperties) = preSolution
		HideSolutionNode = FALSE
	EndGlobalSection
EndGlobal
